# Pinned CI inputs. Every artifact is verified against the SHA-256 below
# before use; a mismatch fails the run. The four tool pins are those of
# gke-llm-inference-platform (ci/tools.lock at c0b4ac2). The operator CRDs are
# fetched at a fixed commit and checked by content, so a change upstream cannot
# silently change what the manifest is validated against.
#
# name                  url                                                                                                                                  sha256
kubeconform             https://github.com/yannh/kubeconform/releases/download/v0.8.0/kubeconform-linux-amd64.tar.gz                                         9bc2bffbf71f261128533edaf912153948b7ff238f9a531ae6d34466ec287883
gitleaks                https://github.com/gitleaks/gitleaks/releases/download/v8.30.1/gitleaks_8.30.1_linux_x64.tar.gz                                      551f6fc83ea457d62a0d98237cbad105af8d557003051f41f3e7ca7b3f2470eb
actionlint              https://github.com/rhysd/actionlint/releases/download/v1.7.12/actionlint_1.7.12_linux_amd64.tar.gz                                   8aca8db96f1b94770f1b0d72b6dddcb1ebb8123cb3712530b08cc387b349a3d8
openapi2jsonschema      https://raw.githubusercontent.com/yannh/kubeconform/02374e583d700721f57300fae78e11acd27ee539/scripts/openapi2jsonschema.py               d145babfbb765004030764e1b4e518bfb7a4bd7f111691a08fa57983b81881f3
crd-operator-v0.2.1     https://raw.githubusercontent.com/MicheleCampi/vllm-coldstart-operator/bc101119f4e26ecb51dd550a38a594036cda8f0f/chart/crds/crd.yaml   0c747504419f53cde50d3ec2ab4060595c13bc8799b377e64ae39c83d74b3cc3
crd-operator-v0.3.0     https://raw.githubusercontent.com/MicheleCampi/vllm-coldstart-operator/a20121b973c67985cf0875fe4aef93c4c6589f76/chart/crds/crd.yaml   19fd378ccad7f004bed87dd87b12c24787870437ab0ee7fc9171e29d63f89a3c
